PODS:
  - AKDataSync (0.0.7):
    - AnobiKit (~> 0.0.14)
  - AnobiKit (0.0.15)

DEPENDENCIES:
  - AKDataSync (from `../`)

EXTERNAL SOURCES:
  AKDataSync:
    :path: ../

SPEC CHECKSUMS:
  AKDataSync: 11dd67734d795475a7a9dee8d3f36ba285abf7cb
  AnobiKit: c575ebadc821146bb921ca959c8a58a2a0590251

PODFILE CHECKSUM: f35d76121957575eeada9313df5593f8aae756ae

COCOAPODS: 1.3.1
