PODS:
  - AKDataSync (0.0.21):
    - AnobiKit (~> 0.2.0)
  - AnobiKit (0.2.5)

DEPENDENCIES:
  - AKDataSync (from `../`)

EXTERNAL SOURCES:
  AKDataSync:
    :path: ../

SPEC CHECKSUMS:
  AKDataSync: 0f5b2a9be5a1cd564e9868647bee143f341cbdcb
  AnobiKit: a7b1d5afda609395d6f5f51900618ef21d09f1c9

PODFILE CHECKSUM: 87aca3ae221babc12305d6313d01802148398f61

COCOAPODS: 1.4.0
