PODS:
  - AKDataSync (0.0.16):
    - AnobiKit (~> 0.1.17)
  - AnobiKit (0.1.18)

DEPENDENCIES:
  - AKDataSync (from `../`)

EXTERNAL SOURCES:
  AKDataSync:
    :path: ../

SPEC CHECKSUMS:
  AKDataSync: 22446db0b3e02bfce789145e379fddf24385923d
  AnobiKit: c1f5ee5a669804d50cf215e7fc04548f7e6c1a37

PODFILE CHECKSUM: 87aca3ae221babc12305d6313d01802148398f61

COCOAPODS: 1.4.0.beta.2
